
Microsoft Visual Studio Solution File, Format Version 12.00
# Visual Studio Version 17
VisualStudioVersion = 17.1.32421.90
MinimumVisualStudioVersion = 10.0.40219.1
Project("{FAE04EC0-301F-11D3-BF4B-00C04F79EFBC}") = "Homework1", "Homework1.csproj", "{FD2F839D-B91A-4057-87AD-46E20252E74D}"
EndProject
Global
	GlobalSection(SolutionConfigurationPlatforms) = preSolution
		Debug|Any CPU = Debug|Any CPU
		Release|Any CPU = Release|Any CPU
	EndGlobalSection
	GlobalSection(ProjectConfigurationPlatforms) = postSolution
		{FD2F839D-B91A-4057-87AD-46E20252E74D}.Debug|Any CPU.ActiveCfg = Debug|Any CPU
		{FD2F839D-B91A-4057-87AD-46E20252E74D}.Debug|Any CPU.Build.0 = Debug|Any CPU
		{FD2F839D-B91A-4057-87AD-46E20252E74D}.Release|Any CPU.ActiveCfg = Release|Any CPU
		{FD2F839D-B91A-4057-87AD-46E20252E74D}.Release|Any CPU.Build.0 = Release|Any CPU
	EndGlobalSection
	GlobalSection(SolutionProperties) = preSolution
		HideSolutionNode = FALSE
	EndGlobalSection
	GlobalSection(ExtensibilityGlobals) = postSolution
		SolutionGuid = {08A78309-4B84-47A0-8C10-753ECA76B98B}
	EndGlobalSection
EndGlobal
