
Microsoft Visual Studio Solution File, Format Version 12.00
# Visual Studio Version 17
VisualStudioVersion = 17.2.32526.322
MinimumVisualStudioVersion = 10.0.40219.1
Project("{FAE04EC0-301F-11D3-BF4B-00C04F79EFBC}") = "Lesson9", "Lesson9.csproj", "{5AE1B516-D24C-4824-A560-FCCC8C69AFC8}"
EndProject
Global
	GlobalSection(SolutionConfigurationPlatforms) = preSolution
		Debug|Any CPU = Debug|Any CPU
		Release|Any CPU = Release|Any CPU
	EndGlobalSection
	GlobalSection(ProjectConfigurationPlatforms) = postSolution
		{5AE1B516-D24C-4824-A560-FCCC8C69AFC8}.Debug|Any CPU.ActiveCfg = Debug|Any CPU
		{5AE1B516-D24C-4824-A560-FCCC8C69AFC8}.Debug|Any CPU.Build.0 = Debug|Any CPU
		{5AE1B516-D24C-4824-A560-FCCC8C69AFC8}.Release|Any CPU.ActiveCfg = Release|Any CPU
		{5AE1B516-D24C-4824-A560-FCCC8C69AFC8}.Release|Any CPU.Build.0 = Release|Any CPU
	EndGlobalSection
	GlobalSection(SolutionProperties) = preSolution
		HideSolutionNode = FALSE
	EndGlobalSection
	GlobalSection(ExtensibilityGlobals) = postSolution
		SolutionGuid = {738CC378-2B87-4663-9E3E-AC60B9F68A78}
	EndGlobalSection
EndGlobal
